// !$*UTF8*$!
{
	archiveVersion = 1;
	classes = {
	};
	objectVersion = 50;
	objects = {

/* Begin PBXBuildFile section */
		13697CFF20E613A800B08DD9 /* AppDelegate.swift in Sources */ = {isa = PBXBuildFile; fileRef = 13697CFE20E613A800B08DD9 /* AppDelegate.swift */; };
		13697D0120E613A800B08DD9 /* ViewController.swift in Sources */ = {isa = PBXBuildFile; fileRef = 13697D0020E613A800B08DD9 /* ViewController.swift */; };
		13697D0420E613A800B08DD9 /* Main.storyboard in Resources */ = {isa = PBXBuildFile; fileRef = 13697D0220E613A800B08DD9 /* Main.storyboard */; };
		13697D0620E613C000B08DD9 /* Assets.xcassets in Resources */ = {isa = PBXBuildFile; fileRef = 13697D0520E613C000B08DD9 /* Assets.xcassets */; };
		13697D0920E613C000B08DD9 /* LaunchScreen.storyboard in Resources */ = {isa = PBXBuildFile; fileRef = 13697D0720E613C000B08DD9 /* LaunchScreen.storyboard */; };
		13697D1120E61AFD00B08DD9 /* usersAPI.txt in Resources */ = {isa = PBXBuildFile; fileRef = 13697D1020E61AFD00B08DD9 /* usersAPI.txt */; };
/* End PBXBuildFile section */

/* Begin PBXFileReference section */
		13697CFB20E613A800B08DD9 /* JSON_LOCAL.app */ = {isa = PBXFileReference; explicitFileType = wrapper.application; includeInIndex = 0; path = JSON_LOCAL.app; sourceTree = BUILT_PRODUCTS_DIR; };
		13697CFE20E613A800B08DD9 /* AppDelegate.swift */ = {isa = PBXFileReference; lastKnownFileType = sourcecode.swift; path = AppDelegate.swift; sourceTree = "<group>"; };
		13697D0020E613A800B08DD9 /* ViewController.swift */ = {isa = PBXFileReference; lastKnownFileType = sourcecode.swift; path = ViewController.swift; sourceTree = "<group>"; };
		13697D0320E613A800B08DD9 /* Base */ = {isa = PBXFileReference; lastKnownFileType = file.storyboard; name = Base; path = Base.lproj/Main.storyboard; sourceTree = "<group>"; };
		13697D0520E613C000B08DD9 /* Assets.xcassets */ = {isa = PBXFileReference; lastKnownFileType = folder.assetcatalog; path = Assets.xcassets; sourceTree = "<group>"; };
		13697D0820E613C000B08DD9 /* Base */ = {isa = PBXFileReference; lastKnownFileType = file.storyboard; name = Base; path = Base.lproj/LaunchScreen.storyboard; sourceTree = "<group>"; };
		13697D0A20E613C000B08DD9 /* Info.plist */ = {isa = PBXFileReference; lastKnownFileType = text.plist.xml; path = Info.plist; sourceTree = "<group>"; };
		13697D1020E61AFD00B08DD9 /* usersAPI.txt */ = {isa = PBXFileReference; fileEncoding = 4; lastKnownFileType = text; path = usersAPI.txt; sourceTree = "<group>"; };
/* End PBXFileReference section */

/* Begin PBXFrameworksBuildPhase section */
		13697CF820E613A800B08DD9 /* Frameworks */ = {
			isa = PBXFrameworksBuildPhase;
			buildActionMask = 2147483647;
			files = (
			);
			runOnlyForDeploymentPostprocessing = 0;
		};
/* End PBXFrameworksBuildPhase section */

/* Begin PBXGroup section */
		13697CF220E613A700B08DD9 = {
			isa = PBXGroup;
			children = (
				13697CFD20E613A800B08DD9 /* JSON_LOCAL */,
				13697CFC20E613A800B08DD9 /* Products */,
			);
			sourceTree = "<group>";
		};
		13697CFC20E613A800B08DD9 /* Products */ = {
			isa = PBXGroup;
			children = (
				13697CFB20E613A800B08DD9 /* JSON_LOCAL.app */,
			);
			name = Products;
			sourceTree = "<group>";
		};
		13697CFD20E613A800B08DD9 /* JSON_LOCAL */ = {
			isa = PBXGroup;
			children = (
				13697D1020E61AFD00B08DD9 /* usersAPI.txt */,
				13697CFE20E613A800B08DD9 /* AppDelegate.swift */,
				13697D0020E613A800B08DD9 /* ViewController.swift */,
				13697D0220E613A800B08DD9 /* Main.storyboard */,
				13697D0520E613C000B08DD9 /* Assets.xcassets */,
				13697D0720E613C000B08DD9 /* LaunchScreen.storyboard */,
				13697D0A20E613C000B08DD9 /* Info.plist */,
			);
			path = JSON_LOCAL;
			sourceTree = "<group>";
		};
/* End PBXGroup section */

/* Begin PBXNativeTarget section */
		13697CFA20E613A800B08DD9 /* JSON_LOCAL */ = {
			isa = PBXNativeTarget;
			buildConfigurationList = 13697D0D20E613C000B08DD9 /* Build configuration list for PBXNativeTarget "JSON_LOCAL" */;
			buildPhases = (
				13697CF720E613A800B08DD9 /* Sources */,
				13697CF820E613A800B08DD9 /* Frameworks */,
				13697CF920E613A800B08DD9 /* Resources */,
			);
			buildRules = (
			);
			dependencies = (
			);
			name = JSON_LOCAL;
			productName = JSON_LOCAL;
			productReference = 13697CFB20E613A800B08DD9 /* JSON_LOCAL.app */;
			productType = "com.apple.product-type.application";
		};
/* End PBXNativeTarget section */

/* Begin PBXProject section */
		13697CF320E613A700B08DD9 /* Project object */ = {
			isa = PBXProject;
			attributes = {
				LastSwiftUpdateCheck = 1000;
				LastUpgradeCheck = 1000;
				ORGANIZATIONNAME = Softechnocon;
				TargetAttributes = {
					13697CFA20E613A800B08DD9 = {
						CreatedOnToolsVersion = 10.0;
					};
				};
			};
			buildConfigurationList = 13697CF620E613A800B08DD9 /* Build configuration list for PBXProject "JSON_LOCAL" */;
			compatibilityVersion = "Xcode 9.3";
			developmentRegion = en;
			hasScannedForEncodings = 0;
			knownRegions = (
				en,
				Base,
			);
			mainGroup = 13697CF220E613A700B08DD9;
			productRefGroup = 13697CFC20E613A800B08DD9 /* Products */;
			projectDirPath = "";
			projectRoot = "";
			targets = (
				13697CFA20E613A800B08DD9 /* JSON_LOCAL */,
			);
		};
/* End PBXProject section */

/* Begin PBXResourcesBuildPhase section */
		13697CF920E613A800B08DD9 /* Resources */ = {
			isa = PBXResourcesBuildPhase;
			buildActionMask = 2147483647;
			files = (
				13697D0920E613C000B08DD9 /* LaunchScreen.storyboard in Resources */,
				13697D0620E613C000B08DD9 /* Assets.xcassets in Resources */,
				13697D1120E61AFD00B08DD9 /* usersAPI.txt in Resources */,
				13697D0420E613A800B08DD9 /* Main.storyboard in Resources */,
			);
			runOnlyForDeploymentPostprocessing = 0;
		};
/* End PBXResourcesBuildPhase section */

/* Begin PBXSourcesBuildPhase section */
		13697CF720E613A800B08DD9 /* Sources */ = {
			isa = PBXSourcesBuildPhase;
			buildActionMask = 2147483647;
			files = (
				13697D0120E613A800B08DD9 /* ViewController.swift in Sources */,
				13697CFF20E613A800B08DD9 /* AppDelegate.swift in Sources */,
			);
			runOnlyForDeploymentPostprocessing = 0;
		};
/* End PBXSourcesBuildPhase section */

/* Begin PBXVariantGroup section */
		13697D0220E613A800B08DD9 /* Main.storyboard */ = {
			isa = PBXVariantGroup;
			children = (
				13697D0320E613A800B08DD9 /* Base */,
			);
			name = Main.storyboard;
			sourceTree = "<group>";
		};
		13697D0720E613C000B08DD9 /* LaunchScreen.storyboard */ = {
			isa = PBXVariantGroup;
			children = (
				13697D0820E613C000B08DD9 /* Base */,
			);
			name = LaunchScreen.storyboard;
			sourceTree = "<group>";
		};
/* End PBXVariantGroup section */

/* Begin XCBuildConfiguration section */
		13697D0B20E613C000B08DD9 /* Debug */ = {
			isa = XCBuildConfiguration;
			buildSettings = {
				ALWAYS_SEARCH_USER_PATHS = NO;
				CLANG_ANALYZER_NONNULL = YES;
				CLANG_ANALYZER_NUMBER_OBJECT_CONVERSION = YES_AGGRESSIVE;
				CLANG_CXX_LANGUAGE_STANDARD = "gnu++14";
				CLANG_CXX_LIBRARY = "libc++";
				CLANG_ENABLE_MODULES = YES;
				CLANG_ENABLE_OBJC_ARC = YES;
				CLANG_ENABLE_OBJC_WEAK = YES;
				CLANG_WARN_BLOCK_CAPTURE_AUTORELEASING = YES;
				CLANG_WARN_BOOL_CONVERSION = YES;
				CLANG_WARN_COMMA = YES;
				CLANG_WARN_CONSTANT_CONVERSION = YES;
				CLANG_WARN_DEPRECATED_OBJC_IMPLEMENTATIONS = YES;
				CLANG_WARN_DIRECT_OBJC_ISA_USAGE = YES_ERROR;
				CLANG_WARN_DOCUMENTATION_COMMENTS = YES;
				CLANG_WARN_EMPTY_BODY = YES;
				CLANG_WARN_ENUM_CONVERSION = YES;
				CLANG_WARN_INFINITE_RECURSION = YES;
				CLANG_WARN_INT_CONVERSION = YES;
				CLANG_WARN_NON_LITERAL_NULL_CONVERSION = YES;
				CLANG_WARN_OBJC_IMPLICIT_RETAIN_SELF = YES;
				CLANG_WARN_OBJC_LITERAL_CONVERSION = YES;
				CLANG_WARN_OBJC_ROOT_CLASS = YES_ERROR;
				CLANG_WARN_RANGE_LOOP_ANALYSIS = YES;
				CLANG_WARN_STRICT_PROTOTYPES = YES;
				CLANG_WARN_SUSPICIOUS_MOVE = YES;
				CLANG_WARN_UNGUARDED_AVAILABILITY = YES_AGGRESSIVE;
				CLANG_WARN_UNREACHABLE_CODE = YES;
				CLANG_WARN__DUPLICATE_METHOD_MATCH = YES;
				CODE_SIGN_IDENTITY = "iPhone Developer";
				COPY_PHASE_STRIP = NO;
				DEBUG_INFORMATION_FORMAT = dwarf;
				ENABLE_STRICT_OBJC_MSGSEND = YES;
				ENABLE_TESTABILITY = YES;
				GCC_C_LANGUAGE_STANDARD = gnu11;
				GCC_DYNAMIC_NO_PIC = NO;
				GCC_NO_COMMON_BLOCKS = YES;
				GCC_OPTIMIZATION_LEVEL = 0;
				GCC_PREPROCESSOR_DEFINITIONS = (
					"DEBUG=1",
					"$(inherited)",
				);
				GCC_WARN_64_TO_32_BIT_CONVERSION = YES;
				GCC_WARN_ABOUT_RETURN_TYPE = YES_ERROR;
				GCC_WARN_UNDECLARED_SELECTOR = YES;
				GCC_WARN_UNINITIALIZED_AUTOS = YES_AGGRESSIVE;
				GCC_WARN_UNUSED_FUNCTION = YES;
				GCC_WARN_UNUSED_VARIABLE = YES;
				IPHONEOS_DEPLOYMENT_TARGET = 12.0;
				MTL_ENABLE_DEBUG_INFO = INCLUDE_SOURCE;
				ONLY_ACTIVE_ARCH = YES;
				SDKROOT = iphoneos;
				SWIFT_ACTIVE_COMPILATION_CONDITIONS = DEBUG;
				SWIFT_OPTIMIZATION_LEVEL = "-Onone";
			};
			name = Debug;
		};
		13697D0C20E613C000B08DD9 /* Release */ = {
			isa = XCBuildConfiguration;
			buildSettings = {
				ALWAYS_SEARCH_USER_PATHS = NO;
				CLANG_ANALYZER_NONNULL = YES;
				CLANG_ANALYZER_NUMBER_OBJECT_CONVERSION = YES_AGGRESSIVE;
				CLANG_CXX_LANGUAGE_STANDARD = "gnu++14";
				CLANG_CXX_LIBRARY = "libc++";
				CLANG_ENABLE_MODULES = YES;
				CLANG_ENABLE_OBJC_ARC = YES;
				CLANG_ENABLE_OBJC_WEAK = YES;
				CLANG_WARN_BLOCK_CAPTURE_AUTORELEASING = YES;
				CLANG_WARN_BOOL_CONVERSION = YES;
				CLANG_WARN_COMMA = YES;
				CLANG_WARN_CONSTANT_CONVERSION = YES;
				CLANG_WARN_DEPRECATED_OBJC_IMPLEMENTATIONS = YES;
				CLANG_WARN_DIRECT_OBJC_ISA_USAGE = YES_ERROR;
				CLANG_WARN_DOCUMENTATION_COMMENTS = YES;
				CLANG_WARN_EMPTY_BODY = YES;
				CLANG_WARN_ENUM_CONVERSION = YES;
				CLANG_WARN_INFINITE_RECURSION = YES;
				CLANG_WARN_INT_CONVERSION = YES;
				CLANG_WARN_NON_LITERAL_NULL_CONVERSION = YES;
				CLANG_WARN_OBJC_IMPLICIT_RETAIN_SELF = YES;
				CLANG_WARN_OBJC_LITERAL_CONVERSION = YES;
				CLANG_WARN_OBJC_ROOT_CLASS = YES_ERROR;
				CLANG_WARN_RANGE_LOOP_ANALYSIS = YES;
				CLANG_WARN_STRICT_PROTOTYPES = YES;
				CLANG_WARN_SUSPICIOUS_MOVE = YES;
				CLANG_WARN_UNGUARDED_AVAILABILITY = YES_AGGRESSIVE;
				CLANG_WARN_UNREACHABLE_CODE = YES;
				CLANG_WARN__DUPLICATE_METHOD_MATCH = YES;
				CODE_SIGN_IDENTITY = "iPhone Developer";
				COPY_PHASE_STRIP = NO;
				DEBUG_INFORMATION_FORMAT = "dwarf-with-dsym";
				ENABLE_NS_ASSERTIONS = NO;
				ENABLE_STRICT_OBJC_MSGSEND = YES;
				GCC_C_LANGUAGE_STANDARD = gnu11;
				GCC_NO_COMMON_BLOCKS = YES;
				GCC_WARN_64_TO_32_BIT_CONVERSION = YES;
				GCC_WARN_ABOUT_RETURN_TYPE = YES_ERROR;
				GCC_WARN_UNDECLARED_SELECTOR = YES;
				GCC_WARN_UNINITIALIZED_AUTOS = YES_AGGRESSIVE;
				GCC_WARN_UNUSED_FUNCTION = YES;
				GCC_WARN_UNUSED_VARIABLE = YES;
				IPHONEOS_DEPLOYMENT_TARGET = 12.0;
				MTL_ENABLE_DEBUG_INFO = NO;
				SDKROOT = iphoneos;
				SWIFT_COMPILATION_MODE = wholemodule;
				SWIFT_OPTIMIZATION_LEVEL = "-O";
				VALIDATE_PRODUCT = YES;
			};
			name = Release;
		};
		13697D0E20E613C000B08DD9 /* Debug */ = {
			isa = XCBuildConfiguration;
			buildSettings = {
				ASSETCATALOG_COMPILER_APPICON_NAME = AppIcon;
				CODE_SIGN_STYLE = Automatic;
				DEVELOPMENT_TEAM = 4P67AM53CP;
				INFOPLIST_FILE = JSON_LOCAL/Info.plist;
				IPHONEOS_DEPLOYMENT_TARGET = 11.0;
				LD_RUNPATH_SEARCH_PATHS = (
					"$(inherited)",
					"@executable_path/Frameworks",
				);
				PRODUCT_BUNDLE_IDENTIFIER = "com.softechnocon.JSON-LOCAL";
				PRODUCT_NAME = "$(TARGET_NAME)";
				SWIFT_VERSION = 4.2;
				TARGETED_DEVICE_FAMILY = "1,2";
			};
			name = Debug;
		};
		13697D0F20E613C000B08DD9 /* Release */ = {
			isa = XCBuildConfiguration;
			buildSettings = {
				ASSETCATALOG_COMPILER_APPICON_NAME = AppIcon;
				CODE_SIGN_STYLE = Automatic;
				DEVELOPMENT_TEAM = 4P67AM53CP;
				INFOPLIST_FILE = JSON_LOCAL/Info.plist;
				IPHONEOS_DEPLOYMENT_TARGET = 11.0;
				LD_RUNPATH_SEARCH_PATHS = (
					"$(inherited)",
					"@executable_path/Frameworks",
				);
				PRODUCT_BUNDLE_IDENTIFIER = "com.softechnocon.JSON-LOCAL";
				PRODUCT_NAME = "$(TARGET_NAME)";
				SWIFT_VERSION = 4.2;
				TARGETED_DEVICE_FAMILY = "1,2";
			};
			name = Release;
		};
/* End XCBuildConfiguration section */

/* Begin XCConfigurationList section */
		13697CF620E613A800B08DD9 /* Build configuration list for PBXProject "JSON_LOCAL" */ = {
			isa = XCConfigurationList;
			buildConfigurations = (
				13697D0B20E613C000B08DD9 /* Debug */,
				13697D0C20E613C000B08DD9 /* Release */,
			);
			defaultConfigurationIsVisible = 0;
			defaultConfigurationName = Release;
		};
		13697D0D20E613C000B08DD9 /* Build configuration list for PBXNativeTarget "JSON_LOCAL" */ = {
			isa = XCConfigurationList;
			buildConfigurations = (
				13697D0E20E613C000B08DD9 /* Debug */,
				13697D0F20E613C000B08DD9 /* Release */,
			);
			defaultConfigurationIsVisible = 0;
			defaultConfigurationName = Release;
		};
/* End XCConfigurationList section */
	};
	rootObject = 13697CF320E613A700B08DD9 /* Project object */;
}
